
Microsoft Visual Studio Solution File, Format Version 12.00
# Visual Studio Version 17
VisualStudioVersion = 17.4.33213.308
MinimumVisualStudioVersion = 10.0.40219.1
Project("{FAE04EC0-301F-11D3-BF4B-00C04F79EFBC}") = "Artificial_Neuron", "Artificial_Neuron\Artificial_Neuron.csproj", "{0B2B3AEC-CCE7-4EE9-BF8A-736B218B6F95}"
EndProject
Global
	GlobalSection(SolutionConfigurationPlatforms) = preSolution
		Debug|Any CPU = Debug|Any CPU
		Release|Any CPU = Release|Any CPU
	EndGlobalSection
	GlobalSection(ProjectConfigurationPlatforms) = postSolution
		{0B2B3AEC-CCE7-4EE9-BF8A-736B218B6F95}.Debug|Any CPU.ActiveCfg = Debug|Any CPU
		{0B2B3AEC-CCE7-4EE9-BF8A-736B218B6F95}.Debug|Any CPU.Build.0 = Debug|Any CPU
		{0B2B3AEC-CCE7-4EE9-BF8A-736B218B6F95}.Release|Any CPU.ActiveCfg = Release|Any CPU
		{0B2B3AEC-CCE7-4EE9-BF8A-736B218B6F95}.Release|Any CPU.Build.0 = Release|Any CPU
	EndGlobalSection
	GlobalSection(SolutionProperties) = preSolution
		HideSolutionNode = FALSE
	EndGlobalSection
	GlobalSection(ExtensibilityGlobals) = postSolution
		SolutionGuid = {C74D4102-0D0D-46DE-990F-92438FAFD688}
	EndGlobalSection
EndGlobal
